// !$*UTF8*$!
{
	archiveVersion = 1;
	classes = {
	};
	objectVersion = 46;
	objects = {

/* Begin PBXBuildFile section */
		8BC73B27C5C0A7EC2410CF25 /* libPods-PLLivingDemo.a in Frameworks */ = {isa = PBXBuildFile; fileRef = 5A4A305236244101D84161AC /* libPods-PLLivingDemo.a */; };
		D23009DF1D3DC2BA004A649C /* LDDevicePermissionManager.m in Sources */ = {isa = PBXBuildFile; fileRef = D23009DE1D3DC2BA004A649C /* LDDevicePermissionManager.m */; };
		D23009E31D3DF3CD004A649C /* LDAsyncSemaphore.m in Sources */ = {isa = PBXBuildFile; fileRef = D23009E21D3DF3CD004A649C /* LDAsyncSemaphore.m */; };
		D23009E61D3E208C004A649C /* LDSpectatorRoomViewController.m in Sources */ = {isa = PBXBuildFile; fileRef = D23009E51D3E208C004A649C /* LDSpectatorRoomViewController.m */; };
		D2F9076B1D3C705D006C987F /* main.m in Sources */ = {isa = PBXBuildFile; fileRef = D2F9076A1D3C705D006C987F /* main.m */; };
		D2F9076E1D3C705D006C987F /* AppDelegate.m in Sources */ = {isa = PBXBuildFile; fileRef = D2F9076D1D3C705D006C987F /* AppDelegate.m */; };
		D2F907761D3C705D006C987F /* Assets.xcassets in Resources */ = {isa = PBXBuildFile; fileRef = D2F907751D3C705D006C987F /* Assets.xcassets */; };
		D2F907791D3C705D006C987F /* LaunchScreen.storyboard in Resources */ = {isa = PBXBuildFile; fileRef = D2F907771D3C705D006C987F /* LaunchScreen.storyboard */; };
		D2F9078B1D3C7A56006C987F /* LDLoginViewController.m in Sources */ = {isa = PBXBuildFile; fileRef = D2F9078A1D3C7A56006C987F /* LDLoginViewController.m */; };
		D2F9078E1D3C7BB4006C987F /* Localizable.strings in Resources */ = {isa = PBXBuildFile; fileRef = D2F907901D3C7BB4006C987F /* Localizable.strings */; };
		D2F9079C1D3C853B006C987F /* LDLobbyViewController.m in Sources */ = {isa = PBXBuildFile; fileRef = D2F9079B1D3C853B006C987F /* LDLobbyViewController.m */; };
		D2F9079F1D3C878F006C987F /* LDBasicViewController.m in Sources */ = {isa = PBXBuildFile; fileRef = D2F9079E1D3C878F006C987F /* LDBasicViewController.m */; };
		D2F907A21D3C9D5C006C987F /* LDRoomItem.m in Sources */ = {isa = PBXBuildFile; fileRef = D2F907A11D3C9D5C006C987F /* LDRoomItem.m */; };
		D2F907A51D3CA066006C987F /* LDLobbyRoomView.m in Sources */ = {isa = PBXBuildFile; fileRef = D2F907A41D3CA066006C987F /* LDLobbyRoomView.m */; };
		D2F907AB1D3CB271006C987F /* LDAnchorRoomViewController.m in Sources */ = {isa = PBXBuildFile; fileRef = D2F907AA1D3CB271006C987F /* LDAnchorRoomViewController.m */; };
		D2F907AE1D3CB363006C987F /* LDRoomInfoViewController.m in Sources */ = {isa = PBXBuildFile; fileRef = D2F907AD1D3CB363006C987F /* LDRoomInfoViewController.m */; };
		D2F907B81D3CD82C006C987F /* LDBroadcastingManager.m in Sources */ = {isa = PBXBuildFile; fileRef = D2F907B71D3CD82C006C987F /* LDBroadcastingManager.m */; };
		D2FA97791D3F199300ADB180 /* LDAlertUtil.m in Sources */ = {isa = PBXBuildFile; fileRef = D2FA97781D3F199300ADB180 /* LDAlertUtil.m */; };
		D2FA977C1D3F1F6100ADB180 /* LDRoomPanelViewController.m in Sources */ = {isa = PBXBuildFile; fileRef = D2FA977B1D3F1F6100ADB180 /* LDRoomPanelViewController.m */; };
		D2FA977F1D3F2F6800ADB180 /* LDTouchTransparentView.m in Sources */ = {isa = PBXBuildFile; fileRef = D2FA977E1D3F2F6800ADB180 /* LDTouchTransparentView.m */; };
		D2FA97821D3F463E00ADB180 /* LDChatItem.m in Sources */ = {isa = PBXBuildFile; fileRef = D2FA97811D3F463E00ADB180 /* LDChatItem.m */; };
		D2FA97851D3F468800ADB180 /* LDChatDataSource.m in Sources */ = {isa = PBXBuildFile; fileRef = D2FA97841D3F468800ADB180 /* LDChatDataSource.m */; };
		D2FA97881D3F4AF600ADB180 /* LDChatBubbleView.m in Sources */ = {isa = PBXBuildFile; fileRef = D2FA97871D3F4AF600ADB180 /* LDChatBubbleView.m */; };
/* End PBXBuildFile section */

/* Begin PBXFileReference section */
		5A4A305236244101D84161AC /* libPods-PLLivingDemo.a */ = {isa = PBXFileReference; explicitFileType = archive.ar; includeInIndex = 0; path = "libPods-PLLivingDemo.a"; sourceTree = BUILT_PRODUCTS_DIR; };
		5AFCD06CD632ECCE56BC2242 /* Pods-PLLivingDemo.debug.xcconfig */ = {isa = PBXFileReference; includeInIndex = 1; lastKnownFileType = text.xcconfig; name = "Pods-PLLivingDemo.debug.xcconfig"; path = "Pods/Target Support Files/Pods-PLLivingDemo/Pods-PLLivingDemo.debug.xcconfig"; sourceTree = "<group>"; };
		CF0CF65ADD9F85E3E7F76D97 /* Pods-PLLivingDemo.release.xcconfig */ = {isa = PBXFileReference; includeInIndex = 1; lastKnownFileType = text.xcconfig; name = "Pods-PLLivingDemo.release.xcconfig"; path = "Pods/Target Support Files/Pods-PLLivingDemo/Pods-PLLivingDemo.release.xcconfig"; sourceTree = "<group>"; };
		D23009DD1D3DC2BA004A649C /* LDDevicePermissionManager.h */ = {isa = PBXFileReference; fileEncoding = 4; lastKnownFileType = sourcecode.c.h; path = LDDevicePermissionManager.h; sourceTree = "<group>"; };
		D23009DE1D3DC2BA004A649C /* LDDevicePermissionManager.m */ = {isa = PBXFileReference; fileEncoding = 4; lastKnownFileType = sourcecode.c.objc; path = LDDevicePermissionManager.m; sourceTree = "<group>"; };
		D23009E11D3DF3CD004A649C /* LDAsyncSemaphore.h */ = {isa = PBXFileReference; fileEncoding = 4; lastKnownFileType = sourcecode.c.h; path = LDAsyncSemaphore.h; sourceTree = "<group>"; };
		D23009E21D3DF3CD004A649C /* LDAsyncSemaphore.m */ = {isa = PBXFileReference; fileEncoding = 4; lastKnownFileType = sourcecode.c.objc; path = LDAsyncSemaphore.m; sourceTree = "<group>"; };
		D23009E41D3E208C004A649C /* LDSpectatorRoomViewController.h */ = {isa = PBXFileReference; fileEncoding = 4; lastKnownFileType = sourcecode.c.h; path = LDSpectatorRoomViewController.h; sourceTree = "<group>"; };
		D23009E51D3E208C004A649C /* LDSpectatorRoomViewController.m */ = {isa = PBXFileReference; fileEncoding = 4; lastKnownFileType = sourcecode.c.objc; path = LDSpectatorRoomViewController.m; sourceTree = "<group>"; };
		D2F907661D3C705D006C987F /* PLLivingDemo.app */ = {isa = PBXFileReference; explicitFileType = wrapper.application; includeInIndex = 0; path = PLLivingDemo.app; sourceTree = BUILT_PRODUCTS_DIR; };
		D2F9076A1D3C705D006C987F /* main.m */ = {isa = PBXFileReference; lastKnownFileType = sourcecode.c.objc; path = main.m; sourceTree = "<group>"; };
		D2F9076C1D3C705D006C987F /* AppDelegate.h */ = {isa = PBXFileReference; lastKnownFileType = sourcecode.c.h; path = AppDelegate.h; sourceTree = "<group>"; };
		D2F9076D1D3C705D006C987F /* AppDelegate.m */ = {isa = PBXFileReference; lastKnownFileType = sourcecode.c.objc; path = AppDelegate.m; sourceTree = "<group>"; };
		D2F907751D3C705D006C987F /* Assets.xcassets */ = {isa = PBXFileReference; lastKnownFileType = folder.assetcatalog; path = Assets.xcassets; sourceTree = "<group>"; };
		D2F907781D3C705D006C987F /* Base */ = {isa = PBXFileReference; lastKnownFileType = file.storyboard; name = Base; path = Base.lproj/LaunchScreen.storyboard; sourceTree = "<group>"; };
		D2F9077A1D3C705D006C987F /* Info.plist */ = {isa = PBXFileReference; lastKnownFileType = text.plist.xml; path = Info.plist; sourceTree = "<group>"; };
		D2F907891D3C7A56006C987F /* LDLoginViewController.h */ = {isa = PBXFileReference; fileEncoding = 4; lastKnownFileType = sourcecode.c.h; path = LDLoginViewController.h; sourceTree = "<group>"; };
		D2F9078A1D3C7A56006C987F /* LDLoginViewController.m */ = {isa = PBXFileReference; fileEncoding = 4; lastKnownFileType = sourcecode.c.objc; path = LDLoginViewController.m; sourceTree = "<group>"; };
		D2F907931D3C7C3A006C987F /* zh-Hans */ = {isa = PBXFileReference; lastKnownFileType = text.plist.strings; name = "zh-Hans"; path = "zh-Hans.lproj/Localizable.strings"; sourceTree = "<group>"; };
		D2F907941D3C7F04006C987F /* PLLivingDemo-Prefix.pch */ = {isa = PBXFileReference; lastKnownFileType = sourcecode.c.h; path = "PLLivingDemo-Prefix.pch"; sourceTree = "<group>"; };
		D2F9079A1D3C853B006C987F /* LDLobbyViewController.h */ = {isa = PBXFileReference; fileEncoding = 4; lastKnownFileType = sourcecode.c.h; path = LDLobbyViewController.h; sourceTree = "<group>"; };
		D2F9079B1D3C853B006C987F /* LDLobbyViewController.m */ = {isa = PBXFileReference; fileEncoding = 4; lastKnownFileType = sourcecode.c.objc; path = LDLobbyViewController.m; sourceTree = "<group>"; };
		D2F9079D1D3C878F006C987F /* LDBasicViewController.h */ = {isa = PBXFileReference; fileEncoding = 4; lastKnownFileType = sourcecode.c.h; path = LDBasicViewController.h; sourceTree = "<group>"; };
		D2F9079E1D3C878F006C987F /* LDBasicViewController.m */ = {isa = PBXFileReference; fileEncoding = 4; lastKnownFileType = sourcecode.c.objc; path = LDBasicViewController.m; sourceTree = "<group>"; };
		D2F907A01D3C9D5C006C987F /* LDRoomItem.h */ = {isa = PBXFileReference; fileEncoding = 4; lastKnownFileType = sourcecode.c.h; path = LDRoomItem.h; sourceTree = "<group>"; };
		D2F907A11D3C9D5C006C987F /* LDRoomItem.m */ = {isa = PBXFileReference; fileEncoding = 4; lastKnownFileType = sourcecode.c.objc; path = LDRoomItem.m; sourceTree = "<group>"; };
		D2F907A31D3CA066006C987F /* LDLobbyRoomView.h */ = {isa = PBXFileReference; fileEncoding = 4; lastKnownFileType = sourcecode.c.h; path = LDLobbyRoomView.h; sourceTree = "<group>"; };
		D2F907A41D3CA066006C987F /* LDLobbyRoomView.m */ = {isa = PBXFileReference; fileEncoding = 4; lastKnownFileType = sourcecode.c.objc; path = LDLobbyRoomView.m; sourceTree = "<group>"; };
		D2F907A61D3CA65D006C987F /* LDLayoutParameter.h */ = {isa = PBXFileReference; fileEncoding = 4; lastKnownFileType = sourcecode.c.h; path = LDLayoutParameter.h; sourceTree = "<group>"; };
		D2F907A91D3CB271006C987F /* LDAnchorRoomViewController.h */ = {isa = PBXFileReference; fileEncoding = 4; lastKnownFileType = sourcecode.c.h; path = LDAnchorRoomViewController.h; sourceTree = "<group>"; };
		D2F907AA1D3CB271006C987F /* LDAnchorRoomViewController.m */ = {isa = PBXFileReference; fileEncoding = 4; lastKnownFileType = sourcecode.c.objc; path = LDAnchorRoomViewController.m; sourceTree = "<group>"; };
		D2F907AC1D3CB363006C987F /* LDRoomInfoViewController.h */ = {isa = PBXFileReference; fileEncoding = 4; lastKnownFileType = sourcecode.c.h; path = LDRoomInfoViewController.h; sourceTree = "<group>"; };
		D2F907AD1D3CB363006C987F /* LDRoomInfoViewController.m */ = {isa = PBXFileReference; fileEncoding = 4; lastKnownFileType = sourcecode.c.objc; path = LDRoomInfoViewController.m; sourceTree = "<group>"; };
		D2F907B61D3CD82C006C987F /* LDBroadcastingManager.h */ = {isa = PBXFileReference; fileEncoding = 4; lastKnownFileType = sourcecode.c.h; path = LDBroadcastingManager.h; sourceTree = "<group>"; };
		D2F907B71D3CD82C006C987F /* LDBroadcastingManager.m */ = {isa = PBXFileReference; fileEncoding = 4; lastKnownFileType = sourcecode.c.objc; path = LDBroadcastingManager.m; sourceTree = "<group>"; };
		D2FA97771D3F199300ADB180 /* LDAlertUtil.h */ = {isa = PBXFileReference; fileEncoding = 4; lastKnownFileType = sourcecode.c.h; path = LDAlertUtil.h; sourceTree = "<group>"; };
		D2FA97781D3F199300ADB180 /* LDAlertUtil.m */ = {isa = PBXFileReference; fileEncoding = 4; lastKnownFileType = sourcecode.c.objc; path = LDAlertUtil.m; sourceTree = "<group>"; };
		D2FA977A1D3F1F6100ADB180 /* LDRoomPanelViewController.h */ = {isa = PBXFileReference; fileEncoding = 4; lastKnownFileType = sourcecode.c.h; path = LDRoomPanelViewController.h; sourceTree = "<group>"; };
		D2FA977B1D3F1F6100ADB180 /* LDRoomPanelViewController.m */ = {isa = PBXFileReference; fileEncoding = 4; lastKnownFileType = sourcecode.c.objc; path = LDRoomPanelViewController.m; sourceTree = "<group>"; };
		D2FA977D1D3F2F6800ADB180 /* LDTouchTransparentView.h */ = {isa = PBXFileReference; fileEncoding = 4; lastKnownFileType = sourcecode.c.h; path = LDTouchTransparentView.h; sourceTree = "<group>"; };
		D2FA977E1D3F2F6800ADB180 /* LDTouchTransparentView.m */ = {isa = PBXFileReference; fileEncoding = 4; lastKnownFileType = sourcecode.c.objc; path = LDTouchTransparentView.m; sourceTree = "<group>"; };
		D2FA97801D3F463E00ADB180 /* LDChatItem.h */ = {isa = PBXFileReference; fileEncoding = 4; lastKnownFileType = sourcecode.c.h; path = LDChatItem.h; sourceTree = "<group>"; };
		D2FA97811D3F463E00ADB180 /* LDChatItem.m */ = {isa = PBXFileReference; fileEncoding = 4; lastKnownFileType = sourcecode.c.objc; path = LDChatItem.m; sourceTree = "<group>"; };
		D2FA97831D3F468800ADB180 /* LDChatDataSource.h */ = {isa = PBXFileReference; fileEncoding = 4; lastKnownFileType = sourcecode.c.h; path = LDChatDataSource.h; sourceTree = "<group>"; };
		D2FA97841D3F468800ADB180 /* LDChatDataSource.m */ = {isa = PBXFileReference; fileEncoding = 4; lastKnownFileType = sourcecode.c.objc; path = LDChatDataSource.m; sourceTree = "<group>"; };
		D2FA97861D3F4AF600ADB180 /* LDChatBubbleView.h */ = {isa = PBXFileReference; fileEncoding = 4; lastKnownFileType = sourcecode.c.h; path = LDChatBubbleView.h; sourceTree = "<group>"; };
		D2FA97871D3F4AF600ADB180 /* LDChatBubbleView.m */ = {isa = PBXFileReference; fileEncoding = 4; lastKnownFileType = sourcecode.c.objc; path = LDChatBubbleView.m; sourceTree = "<group>"; };
/* End PBXFileReference section */

/* Begin PBXFrameworksBuildPhase section */
		D2F907631D3C705D006C987F /* Frameworks */ = {
			isa = PBXFrameworksBuildPhase;
			buildActionMask = 2147483647;
			files = (
				8BC73B27C5C0A7EC2410CF25 /* libPods-PLLivingDemo.a in Frameworks */,
			);
			runOnlyForDeploymentPostprocessing = 0;
		};
/* End PBXFrameworksBuildPhase section */

/* Begin PBXGroup section */
		0C5C0B2A155E07182640484C /* Pods */ = {
			isa = PBXGroup;
			children = (
				5AFCD06CD632ECCE56BC2242 /* Pods-PLLivingDemo.debug.xcconfig */,
				CF0CF65ADD9F85E3E7F76D97 /* Pods-PLLivingDemo.release.xcconfig */,
			);
			name = Pods;
			sourceTree = "<group>";
		};
		A2D872A8574C1CDB61E96150 /* Frameworks */ = {
			isa = PBXGroup;
			children = (
				5A4A305236244101D84161AC /* libPods-PLLivingDemo.a */,
			);
			name = Frameworks;
			sourceTree = "<group>";
		};
		D23009E01D3DF392004A649C /* Utils */ = {
			isa = PBXGroup;
			children = (
				D23009E11D3DF3CD004A649C /* LDAsyncSemaphore.h */,
				D23009E21D3DF3CD004A649C /* LDAsyncSemaphore.m */,
				D2FA97771D3F199300ADB180 /* LDAlertUtil.h */,
				D2FA97781D3F199300ADB180 /* LDAlertUtil.m */,
				D2FA977D1D3F2F6800ADB180 /* LDTouchTransparentView.h */,
				D2FA977E1D3F2F6800ADB180 /* LDTouchTransparentView.m */,
			);
			name = Utils;
			sourceTree = "<group>";
		};
		D2F9075D1D3C705D006C987F = {
			isa = PBXGroup;
			children = (
				D2F907681D3C705D006C987F /* PLLivingDemo */,
				D2F907671D3C705D006C987F /* Products */,
				0C5C0B2A155E07182640484C /* Pods */,
				A2D872A8574C1CDB61E96150 /* Frameworks */,
			);
			sourceTree = "<group>";
		};
		D2F907671D3C705D006C987F /* Products */ = {
			isa = PBXGroup;
			children = (
				D2F907661D3C705D006C987F /* PLLivingDemo.app */,
			);
			name = Products;
			sourceTree = "<group>";
		};
		D2F907681D3C705D006C987F /* PLLivingDemo */ = {
			isa = PBXGroup;
			children = (
				D2F907A71D3CA662006C987F /* Globals */,
				D2F907B21D3CD3C5006C987F /* PiliSDK */,
				D2F907851D3C79EA006C987F /* Modules */,
				D2F907861D3C79F7006C987F /* Views */,
				D2F907871D3C79FD006C987F /* ViewControllers */,
				D23009E01D3DF392004A649C /* Utils */,
				D2F9076C1D3C705D006C987F /* AppDelegate.h */,
				D2F9076D1D3C705D006C987F /* AppDelegate.m */,
				D2F907901D3C7BB4006C987F /* Localizable.strings */,
				D2F907941D3C7F04006C987F /* PLLivingDemo-Prefix.pch */,
				D2F907751D3C705D006C987F /* Assets.xcassets */,
				D2F907771D3C705D006C987F /* LaunchScreen.storyboard */,
				D2F9077A1D3C705D006C987F /* Info.plist */,
				D2F907691D3C705D006C987F /* Supporting Files */,
			);
			path = PLLivingDemo;
			sourceTree = "<group>";
		};
		D2F907691D3C705D006C987F /* Supporting Files */ = {
			isa = PBXGroup;
			children = (
				D2F9076A1D3C705D006C987F /* main.m */,
			);
			name = "Supporting Files";
			sourceTree = "<group>";
		};
		D2F907851D3C79EA006C987F /* Modules */ = {
			isa = PBXGroup;
			children = (
				D2F907A01D3C9D5C006C987F /* LDRoomItem.h */,
				D2F907A11D3C9D5C006C987F /* LDRoomItem.m */,
				D2FA97801D3F463E00ADB180 /* LDChatItem.h */,
				D2FA97811D3F463E00ADB180 /* LDChatItem.m */,
				D2FA97831D3F468800ADB180 /* LDChatDataSource.h */,
				D2FA97841D3F468800ADB180 /* LDChatDataSource.m */,
			);
			name = Modules;
			sourceTree = "<group>";
		};
		D2F907861D3C79F7006C987F /* Views */ = {
			isa = PBXGroup;
			children = (
				D2F907A31D3CA066006C987F /* LDLobbyRoomView.h */,
				D2F907A41D3CA066006C987F /* LDLobbyRoomView.m */,
				D2FA97861D3F4AF600ADB180 /* LDChatBubbleView.h */,
				D2FA97871D3F4AF600ADB180 /* LDChatBubbleView.m */,
			);
			name = Views;
			sourceTree = "<group>";
		};
		D2F907871D3C79FD006C987F /* ViewControllers */ = {
			isa = PBXGroup;
			children = (
				D2F907A81D3CB232006C987F /* Room */,
				D2F907991D3C847F006C987F /* Lobby */,
				D2F907881D3C7A18006C987F /* Login */,
				D2F9079D1D3C878F006C987F /* LDBasicViewController.h */,
				D2F9079E1D3C878F006C987F /* LDBasicViewController.m */,
			);
			name = ViewControllers;
			sourceTree = "<group>";
		};
		D2F907881D3C7A18006C987F /* Login */ = {
			isa = PBXGroup;
			children = (
				D2F907891D3C7A56006C987F /* LDLoginViewController.h */,
				D2F9078A1D3C7A56006C987F /* LDLoginViewController.m */,
			);
			name = Login;
			sourceTree = "<group>";
		};
		D2F907991D3C847F006C987F /* Lobby */ = {
			isa = PBXGroup;
			children = (
				D2F9079A1D3C853B006C987F /* LDLobbyViewController.h */,
				D2F9079B1D3C853B006C987F /* LDLobbyViewController.m */,
			);
			name = Lobby;
			sourceTree = "<group>";
		};
		D2F907A71D3CA662006C987F /* Globals */ = {
			isa = PBXGroup;
			children = (
				D2F907A61D3CA65D006C987F /* LDLayoutParameter.h */,
			);
			name = Globals;
			sourceTree = "<group>";
		};
		D2F907A81D3CB232006C987F /* Room */ = {
			isa = PBXGroup;
			children = (
				D2F907A91D3CB271006C987F /* LDAnchorRoomViewController.h */,
				D2F907AA1D3CB271006C987F /* LDAnchorRoomViewController.m */,
				D2F907AC1D3CB363006C987F /* LDRoomInfoViewController.h */,
				D2F907AD1D3CB363006C987F /* LDRoomInfoViewController.m */,
				D23009E41D3E208C004A649C /* LDSpectatorRoomViewController.h */,
				D23009E51D3E208C004A649C /* LDSpectatorRoomViewController.m */,
				D2FA977A1D3F1F6100ADB180 /* LDRoomPanelViewController.h */,
				D2FA977B1D3F1F6100ADB180 /* LDRoomPanelViewController.m */,
			);
			name = Room;
			sourceTree = "<group>";
		};
		D2F907B21D3CD3C5006C987F /* PiliSDK */ = {
			isa = PBXGroup;
			children = (
				D2F907B61D3CD82C006C987F /* LDBroadcastingManager.h */,
				D2F907B71D3CD82C006C987F /* LDBroadcastingManager.m */,
				D23009DD1D3DC2BA004A649C /* LDDevicePermissionManager.h */,
				D23009DE1D3DC2BA004A649C /* LDDevicePermissionManager.m */,
			);
			name = PiliSDK;
			sourceTree = "<group>";
		};
/* End PBXGroup section */

/* Begin PBXNativeTarget section */
		D2F907651D3C705D006C987F /* PLLivingDemo */ = {
			isa = PBXNativeTarget;
			buildConfigurationList = D2F9077D1D3C705D006C987F /* Build configuration list for PBXNativeTarget "PLLivingDemo" */;
			buildPhases = (
				1E203E94DD922361D7908ABC /* [CP] Check Pods Manifest.lock */,
				D2F907621D3C705D006C987F /* Sources */,
				D2F907631D3C705D006C987F /* Frameworks */,
				D2F907641D3C705D006C987F /* Resources */,
				11E6D5931EEB23BFD0EEB3B7 /* [CP] Embed Pods Frameworks */,
				7E796C1020016C22068EF57A /* [CP] Copy Pods Resources */,
			);
			buildRules = (
			);
			dependencies = (
			);
			name = PLLivingDemo;
			productName = PLLivingDemo;
			productReference = D2F907661D3C705D006C987F /* PLLivingDemo.app */;
			productType = "com.apple.product-type.application";
		};
/* End PBXNativeTarget section */

/* Begin PBXProject section */
		D2F9075E1D3C705D006C987F /* Project object */ = {
			isa = PBXProject;
			attributes = {
				LastUpgradeCheck = 0730;
				ORGANIZATIONNAME = "com.pili-engineering";
				TargetAttributes = {
					D2F907651D3C705D006C987F = {
						CreatedOnToolsVersion = 7.3.1;
						DevelopmentTeam = GDFHW66V92;
					};
				};
			};
			buildConfigurationList = D2F907611D3C705D006C987F /* Build configuration list for PBXProject "PLLivingDemo" */;
			compatibilityVersion = "Xcode 3.2";
			developmentRegion = English;
			hasScannedForEncodings = 0;
			knownRegions = (
				Base,
				"zh-Hans",
			);
			mainGroup = D2F9075D1D3C705D006C987F;
			productRefGroup = D2F907671D3C705D006C987F /* Products */;
			projectDirPath = "";
			projectRoot = "";
			targets = (
				D2F907651D3C705D006C987F /* PLLivingDemo */,
			);
		};
/* End PBXProject section */

/* Begin PBXResourcesBuildPhase section */
		D2F907641D3C705D006C987F /* Resources */ = {
			isa = PBXResourcesBuildPhase;
			buildActionMask = 2147483647;
			files = (
				D2F907791D3C705D006C987F /* LaunchScreen.storyboard in Resources */,
				D2F9078E1D3C7BB4006C987F /* Localizable.strings in Resources */,
				D2F907761D3C705D006C987F /* Assets.xcassets in Resources */,
			);
			runOnlyForDeploymentPostprocessing = 0;
		};
/* End PBXResourcesBuildPhase section */

/* Begin PBXShellScriptBuildPhase section */
		11E6D5931EEB23BFD0EEB3B7 /* [CP] Embed Pods Frameworks */ = {
			isa = PBXShellScriptBuildPhase;
			buildActionMask = 2147483647;
			files = (
			);
			inputPaths = (
			);
			name = "[CP] Embed Pods Frameworks";
			outputPaths = (
			);
			runOnlyForDeploymentPostprocessing = 0;
			shellPath = /bin/sh;
			shellScript = "\"${SRCROOT}/Pods/Target Support Files/Pods-PLLivingDemo/Pods-PLLivingDemo-frameworks.sh\"\n";
			showEnvVarsInLog = 0;
		};
		1E203E94DD922361D7908ABC /* [CP] Check Pods Manifest.lock */ = {
			isa = PBXShellScriptBuildPhase;
			buildActionMask = 2147483647;
			files = (
			);
			inputPaths = (
			);
			name = "[CP] Check Pods Manifest.lock";
			outputPaths = (
			);
			runOnlyForDeploymentPostprocessing = 0;
			shellPath = /bin/sh;
			shellScript = "diff \"${PODS_ROOT}/../Podfile.lock\" \"${PODS_ROOT}/Manifest.lock\" > /dev/null\nif [ $? != 0 ] ; then\n    # print error to STDERR\n    echo \"error: The sandbox is not in sync with the Podfile.lock. Run 'pod install' or update your CocoaPods installation.\" >&2\n    exit 1\nfi\n";
			showEnvVarsInLog = 0;
		};
		7E796C1020016C22068EF57A /* [CP] Copy Pods Resources */ = {
			isa = PBXShellScriptBuildPhase;
			buildActionMask = 2147483647;
			files = (
			);
			inputPaths = (
			);
			name = "[CP] Copy Pods Resources";
			outputPaths = (
			);
			runOnlyForDeploymentPostprocessing = 0;
			shellPath = /bin/sh;
			shellScript = "\"${SRCROOT}/Pods/Target Support Files/Pods-PLLivingDemo/Pods-PLLivingDemo-resources.sh\"\n";
			showEnvVarsInLog = 0;
		};
/* End PBXShellScriptBuildPhase section */

/* Begin PBXSourcesBuildPhase section */
		D2F907621D3C705D006C987F /* Sources */ = {
			isa = PBXSourcesBuildPhase;
			buildActionMask = 2147483647;
			files = (
				D2F907B81D3CD82C006C987F /* LDBroadcastingManager.m in Sources */,
				D2F9076E1D3C705D006C987F /* AppDelegate.m in Sources */,
				D2F907A21D3C9D5C006C987F /* LDRoomItem.m in Sources */,
				D2FA977F1D3F2F6800ADB180 /* LDTouchTransparentView.m in Sources */,
				D2FA97881D3F4AF600ADB180 /* LDChatBubbleView.m in Sources */,
				D2F907A51D3CA066006C987F /* LDLobbyRoomView.m in Sources */,
				D2FA97821D3F463E00ADB180 /* LDChatItem.m in Sources */,
				D2F9079F1D3C878F006C987F /* LDBasicViewController.m in Sources */,
				D2FA977C1D3F1F6100ADB180 /* LDRoomPanelViewController.m in Sources */,
				D2FA97851D3F468800ADB180 /* LDChatDataSource.m in Sources */,
				D2F9079C1D3C853B006C987F /* LDLobbyViewController.m in Sources */,
				D2FA97791D3F199300ADB180 /* LDAlertUtil.m in Sources */,
				D23009DF1D3DC2BA004A649C /* LDDevicePermissionManager.m in Sources */,
				D2F9078B1D3C7A56006C987F /* LDLoginViewController.m in Sources */,
				D2F907AB1D3CB271006C987F /* LDAnchorRoomViewController.m in Sources */,
				D23009E61D3E208C004A649C /* LDSpectatorRoomViewController.m in Sources */,
				D2F907AE1D3CB363006C987F /* LDRoomInfoViewController.m in Sources */,
				D2F9076B1D3C705D006C987F /* main.m in Sources */,
				D23009E31D3DF3CD004A649C /* LDAsyncSemaphore.m in Sources */,
			);
			runOnlyForDeploymentPostprocessing = 0;
		};
/* End PBXSourcesBuildPhase section */

/* Begin PBXVariantGroup section */
		D2F907771D3C705D006C987F /* LaunchScreen.storyboard */ = {
			isa = PBXVariantGroup;
			children = (
				D2F907781D3C705D006C987F /* Base */,
			);
			name = LaunchScreen.storyboard;
			sourceTree = "<group>";
		};
		D2F907901D3C7BB4006C987F /* Localizable.strings */ = {
			isa = PBXVariantGroup;
			children = (
				D2F907931D3C7C3A006C987F /* zh-Hans */,
			);
			name = Localizable.strings;
			sourceTree = "<group>";
		};
/* End PBXVariantGroup section */

/* Begin XCBuildConfiguration section */
		D2F9077B1D3C705D006C987F /* Debug */ = {
			isa = XCBuildConfiguration;
			buildSettings = {
				ALWAYS_SEARCH_USER_PATHS = NO;
				CLANG_ANALYZER_NONNULL = YES;
				CLANG_CXX_LANGUAGE_STANDARD = "gnu++0x";
				CLANG_CXX_LIBRARY = "libc++";
				CLANG_ENABLE_MODULES = YES;
				CLANG_ENABLE_OBJC_ARC = YES;
				CLANG_WARN_BOOL_CONVERSION = YES;
				CLANG_WARN_CONSTANT_CONVERSION = YES;
				CLANG_WARN_DIRECT_OBJC_ISA_USAGE = YES_ERROR;
				CLANG_WARN_EMPTY_BODY = YES;
				CLANG_WARN_ENUM_CONVERSION = YES;
				CLANG_WARN_INT_CONVERSION = YES;
				CLANG_WARN_OBJC_ROOT_CLASS = YES_ERROR;
				CLANG_WARN_UNREACHABLE_CODE = YES;
				CLANG_WARN__DUPLICATE_METHOD_MATCH = YES;
				"CODE_SIGN_IDENTITY[sdk=iphoneos*]" = "iPhone Developer";
				COPY_PHASE_STRIP = NO;
				DEBUG_INFORMATION_FORMAT = dwarf;
				ENABLE_STRICT_OBJC_MSGSEND = YES;
				ENABLE_TESTABILITY = YES;
				GCC_C_LANGUAGE_STANDARD = gnu99;
				GCC_DYNAMIC_NO_PIC = NO;
				GCC_NO_COMMON_BLOCKS = YES;
				GCC_OPTIMIZATION_LEVEL = 0;
				GCC_PREPROCESSOR_DEFINITIONS = (
					"DEBUG=1",
					"$(inherited)",
				);
				GCC_WARN_64_TO_32_BIT_CONVERSION = YES;
				GCC_WARN_ABOUT_RETURN_TYPE = YES_ERROR;
				GCC_WARN_UNDECLARED_SELECTOR = YES;
				GCC_WARN_UNINITIALIZED_AUTOS = YES_AGGRESSIVE;
				GCC_WARN_UNUSED_FUNCTION = YES;
				GCC_WARN_UNUSED_VARIABLE = YES;
				IPHONEOS_DEPLOYMENT_TARGET = 9.3;
				MTL_ENABLE_DEBUG_INFO = YES;
				ONLY_ACTIVE_ARCH = YES;
				SDKROOT = iphoneos;
			};
			name = Debug;
		};
		D2F9077C1D3C705D006C987F /* Release */ = {
			isa = XCBuildConfiguration;
			buildSettings = {
				ALWAYS_SEARCH_USER_PATHS = NO;
				CLANG_ANALYZER_NONNULL = YES;
				CLANG_CXX_LANGUAGE_STANDARD = "gnu++0x";
				CLANG_CXX_LIBRARY = "libc++";
				CLANG_ENABLE_MODULES = YES;
				CLANG_ENABLE_OBJC_ARC = YES;
				CLANG_WARN_BOOL_CONVERSION = YES;
				CLANG_WARN_CONSTANT_CONVERSION = YES;
				CLANG_WARN_DIRECT_OBJC_ISA_USAGE = YES_ERROR;
				CLANG_WARN_EMPTY_BODY = YES;
				CLANG_WARN_ENUM_CONVERSION = YES;
				CLANG_WARN_INT_CONVERSION = YES;
				CLANG_WARN_OBJC_ROOT_CLASS = YES_ERROR;
				CLANG_WARN_UNREACHABLE_CODE = YES;
				CLANG_WARN__DUPLICATE_METHOD_MATCH = YES;
				"CODE_SIGN_IDENTITY[sdk=iphoneos*]" = "iPhone Developer";
				COPY_PHASE_STRIP = NO;
				DEBUG_INFORMATION_FORMAT = "dwarf-with-dsym";
				ENABLE_NS_ASSERTIONS = NO;
				ENABLE_STRICT_OBJC_MSGSEND = YES;
				GCC_C_LANGUAGE_STANDARD = gnu99;
				GCC_NO_COMMON_BLOCKS = YES;
				GCC_WARN_64_TO_32_BIT_CONVERSION = YES;
				GCC_WARN_ABOUT_RETURN_TYPE = YES_ERROR;
				GCC_WARN_UNDECLARED_SELECTOR = YES;
				GCC_WARN_UNINITIALIZED_AUTOS = YES_AGGRESSIVE;
				GCC_WARN_UNUSED_FUNCTION = YES;
				GCC_WARN_UNUSED_VARIABLE = YES;
				IPHONEOS_DEPLOYMENT_TARGET = 9.3;
				MTL_ENABLE_DEBUG_INFO = NO;
				SDKROOT = iphoneos;
				VALIDATE_PRODUCT = YES;
			};
			name = Release;
		};
		D2F9077E1D3C705D006C987F /* Debug */ = {
			isa = XCBuildConfiguration;
			baseConfigurationReference = 5AFCD06CD632ECCE56BC2242 /* Pods-PLLivingDemo.debug.xcconfig */;
			buildSettings = {
				ASSETCATALOG_COMPILER_APPICON_NAME = AppIcon;
				CODE_SIGN_IDENTITY = "iPhone Developer";
				"CODE_SIGN_IDENTITY[sdk=iphoneos*]" = "iPhone Developer";
				GCC_PREFIX_HEADER = "PLLivingDemo/PLLivingDemo-Prefix.pch";
				INFOPLIST_FILE = PLLivingDemo/Info.plist;
				LD_RUNPATH_SEARCH_PATHS = "$(inherited) @executable_path/Frameworks";
				PRODUCT_BUNDLE_IDENTIFIER = "com.pili-engineering.PLLivingDemo";
				PRODUCT_NAME = "$(TARGET_NAME)";
				PROVISIONING_PROFILE = "";
			};
			name = Debug;
		};
		D2F9077F1D3C705D006C987F /* Release */ = {
			isa = XCBuildConfiguration;
			baseConfigurationReference = CF0CF65ADD9F85E3E7F76D97 /* Pods-PLLivingDemo.release.xcconfig */;
			buildSettings = {
				ASSETCATALOG_COMPILER_APPICON_NAME = AppIcon;
				CODE_SIGN_IDENTITY = "iPhone Developer";
				"CODE_SIGN_IDENTITY[sdk=iphoneos*]" = "iPhone Developer";
				GCC_PREFIX_HEADER = "PLLivingDemo/PLLivingDemo-Prefix.pch";
				INFOPLIST_FILE = PLLivingDemo/Info.plist;
				LD_RUNPATH_SEARCH_PATHS = "$(inherited) @executable_path/Frameworks";
				PRODUCT_BUNDLE_IDENTIFIER = "com.pili-engineering.PLLivingDemo";
				PRODUCT_NAME = "$(TARGET_NAME)";
				PROVISIONING_PROFILE = "";
			};
			name = Release;
		};
/* End XCBuildConfiguration section */

/* Begin XCConfigurationList section */
		D2F907611D3C705D006C987F /* Build configuration list for PBXProject "PLLivingDemo" */ = {
			isa = XCConfigurationList;
			buildConfigurations = (
				D2F9077B1D3C705D006C987F /* Debug */,
				D2F9077C1D3C705D006C987F /* Release */,
			);
			defaultConfigurationIsVisible = 0;
			defaultConfigurationName = Release;
		};
		D2F9077D1D3C705D006C987F /* Build configuration list for PBXNativeTarget "PLLivingDemo" */ = {
			isa = XCConfigurationList;
			buildConfigurations = (
				D2F9077E1D3C705D006C987F /* Debug */,
				D2F9077F1D3C705D006C987F /* Release */,
			);
			defaultConfigurationIsVisible = 0;
			defaultConfigurationName = Release;
		};
/* End XCConfigurationList section */
	};
	rootObject = D2F9075E1D3C705D006C987F /* Project object */;
}
